
Microsoft Visual Studio Solution File, Format Version 12.00
# Visual Studio Version 17
VisualStudioVersion = 17.7.34202.233
MinimumVisualStudioVersion = 10.0.40219.1
Project("{9A19103F-16F7-4668-BE54-9A1E7A4F7556}") = "WareHouse", "WareHouse\WareHouse.csproj", "{6CAB306C-7DD6-44C2-9E0D-DF53EC64EE15}"
EndProject
Project("{9A19103F-16F7-4668-BE54-9A1E7A4F7556}") = "WareHouse.Core", "WareHouse.Core\WareHouse.Core.csproj", "{02B26021-DED8-422A-ABF4-9F65D830082C}"
EndProject
Project("{9A19103F-16F7-4668-BE54-9A1E7A4F7556}") = "WareHouse.Infrastructure", "WareHouse.Infrastructure\WareHouse.Infrastructure.csproj", "{6A5800B7-16AD-4415-B29F-E3369DD72450}"
EndProject
Global
	GlobalSection(SolutionConfigurationPlatforms) = preSolution
		Debug|Any CPU = Debug|Any CPU
		Release|Any CPU = Release|Any CPU
	EndGlobalSection
	GlobalSection(ProjectConfigurationPlatforms) = postSolution
		{6CAB306C-7DD6-44C2-9E0D-DF53EC64EE15}.Debug|Any CPU.ActiveCfg = Debug|Any CPU
		{6CAB306C-7DD6-44C2-9E0D-DF53EC64EE15}.Debug|Any CPU.Build.0 = Debug|Any CPU
		{6CAB306C-7DD6-44C2-9E0D-DF53EC64EE15}.Release|Any CPU.ActiveCfg = Release|Any CPU
		{6CAB306C-7DD6-44C2-9E0D-DF53EC64EE15}.Release|Any CPU.Build.0 = Release|Any CPU
		{02B26021-DED8-422A-ABF4-9F65D830082C}.Debug|Any CPU.ActiveCfg = Debug|Any CPU
		{02B26021-DED8-422A-ABF4-9F65D830082C}.Debug|Any CPU.Build.0 = Debug|Any CPU
		{02B26021-DED8-422A-ABF4-9F65D830082C}.Release|Any CPU.ActiveCfg = Release|Any CPU
		{02B26021-DED8-422A-ABF4-9F65D830082C}.Release|Any CPU.Build.0 = Release|Any CPU
		{6A5800B7-16AD-4415-B29F-E3369DD72450}.Debug|Any CPU.ActiveCfg = Debug|Any CPU
		{6A5800B7-16AD-4415-B29F-E3369DD72450}.Debug|Any CPU.Build.0 = Debug|Any CPU
		{6A5800B7-16AD-4415-B29F-E3369DD72450}.Release|Any CPU.ActiveCfg = Release|Any CPU
		{6A5800B7-16AD-4415-B29F-E3369DD72450}.Release|Any CPU.Build.0 = Release|Any CPU
	EndGlobalSection
	GlobalSection(SolutionProperties) = preSolution
		HideSolutionNode = FALSE
	EndGlobalSection
	GlobalSection(ExtensibilityGlobals) = postSolution
		SolutionGuid = {CFEC767C-AAB9-4455-8C86-58BE223869BC}
	EndGlobalSection
EndGlobal
